// !$*UTF8*$!
{
	archiveVersion = 1;
	classes = {
	};
	objectVersion = 46;
	objects = {

/* Begin PBXBuildFile section */
		1B12969A1E8D81FB0068113A /* Main.storyboard in Resources */ = {isa = PBXBuildFile; fileRef = 1B1296991E8D81FB0068113A /* Main.storyboard */; };
		1B12969C1E8DC1750068113A /* PinTableViewCell.swift in Sources */ = {isa = PBXBuildFile; fileRef = 1B12969B1E8DC1750068113A /* PinTableViewCell.swift */; };
		1BDB5FAA1E884AB300A8E155 /* AppDelegate.swift in Sources */ = {isa = PBXBuildFile; fileRef = 1BDB5FA91E884AB300A8E155 /* AppDelegate.swift */; };
		1BDB5FAC1E884AB300A8E155 /* ViewController.swift in Sources */ = {isa = PBXBuildFile; fileRef = 1BDB5FAB1E884AB300A8E155 /* ViewController.swift */; };
		1BDB5FB11E884AB300A8E155 /* Assets.xcassets in Resources */ = {isa = PBXBuildFile; fileRef = 1BDB5FB01E884AB300A8E155 /* Assets.xcassets */; };
		1BDB5FB41E884AB400A8E155 /* LaunchScreen.storyboard in Resources */ = {isa = PBXBuildFile; fileRef = 1BDB5FB21E884AB400A8E155 /* LaunchScreen.storyboard */; };
		1BDB5FBF1E884AB400A8E155 /* pinterest_loginTests.swift in Sources */ = {isa = PBXBuildFile; fileRef = 1BDB5FBE1E884AB400A8E155 /* pinterest_loginTests.swift */; };
		1BDB5FCA1E884AB400A8E155 /* pinterest_loginUITests.swift in Sources */ = {isa = PBXBuildFile; fileRef = 1BDB5FC91E884AB400A8E155 /* pinterest_loginUITests.swift */; };
		1BDB5FDC1E8862DA00A8E155 /* pinterest-name-logo.jpg in Resources */ = {isa = PBXBuildFile; fileRef = 1BDB5FDB1E8862DA00A8E155 /* pinterest-name-logo.jpg */; };
		1BDB5FE01E8ABE1300A8E155 /* PinsViewController.swift in Sources */ = {isa = PBXBuildFile; fileRef = 1BDB5FDF1E8ABE1300A8E155 /* PinsViewController.swift */; };
		1BDB5FE21E8AC1B500A8E155 /* BoardsViewController.swift in Sources */ = {isa = PBXBuildFile; fileRef = 1BDB5FE11E8AC1B500A8E155 /* BoardsViewController.swift */; };
		1BDB5FE41E8AE3B000A8E155 /* Board.swift in Sources */ = {isa = PBXBuildFile; fileRef = 1BDB5FE31E8AE3B000A8E155 /* Board.swift */; };
		1BDB5FE61E8B01B100A8E155 /* Pin.swift in Sources */ = {isa = PBXBuildFile; fileRef = 1BDB5FE51E8B01B100A8E155 /* Pin.swift */; };
		222494702705F17D1CB7C769 /* Pods_pinterest_loginUITests.framework in Frameworks */ = {isa = PBXBuildFile; fileRef = 467074CE76C762A21F20A704 /* Pods_pinterest_loginUITests.framework */; };
		51D4298F4785E0F794ACA8F1 /* Pods_pinterest_loginTests.framework in Frameworks */ = {isa = PBXBuildFile; fileRef = A4175EED83801F9A54E9E6B2 /* Pods_pinterest_loginTests.framework */; };
		CE4C32A78269DD84BF31C1DA /* Pods_pinterest_login.framework in Frameworks */ = {isa = PBXBuildFile; fileRef = D9D4F0CCCA0031B7B245906A /* Pods_pinterest_login.framework */; };
/* End PBXBuildFile section */

/* Begin PBXContainerItemProxy section */
		1BDB5FBB1E884AB400A8E155 /* PBXContainerItemProxy */ = {
			isa = PBXContainerItemProxy;
			containerPortal = 1BDB5F9E1E884AB300A8E155 /* Project object */;
			proxyType = 1;
			remoteGlobalIDString = 1BDB5FA51E884AB300A8E155;
			remoteInfo = "pinterest-login";
		};
		1BDB5FC61E884AB400A8E155 /* PBXContainerItemProxy */ = {
			isa = PBXContainerItemProxy;
			containerPortal = 1BDB5F9E1E884AB300A8E155 /* Project object */;
			proxyType = 1;
			remoteGlobalIDString = 1BDB5FA51E884AB300A8E155;
			remoteInfo = "pinterest-login";
		};
/* End PBXContainerItemProxy section */

/* Begin PBXFileReference section */
		1B1296991E8D81FB0068113A /* Main.storyboard */ = {isa = PBXFileReference; fileEncoding = 4; lastKnownFileType = file.storyboard; path = Main.storyboard; sourceTree = "<group>"; };
		1B12969B1E8DC1750068113A /* PinTableViewCell.swift */ = {isa = PBXFileReference; fileEncoding = 4; lastKnownFileType = sourcecode.swift; path = PinTableViewCell.swift; sourceTree = "<group>"; };
		1BDB5FA61E884AB300A8E155 /* pinterest-login.app */ = {isa = PBXFileReference; explicitFileType = wrapper.application; includeInIndex = 0; path = "pinterest-login.app"; sourceTree = BUILT_PRODUCTS_DIR; };
		1BDB5FA91E884AB300A8E155 /* AppDelegate.swift */ = {isa = PBXFileReference; lastKnownFileType = sourcecode.swift; path = AppDelegate.swift; sourceTree = "<group>"; };
		1BDB5FAB1E884AB300A8E155 /* ViewController.swift */ = {isa = PBXFileReference; lastKnownFileType = sourcecode.swift; path = ViewController.swift; sourceTree = "<group>"; };
		1BDB5FB01E884AB300A8E155 /* Assets.xcassets */ = {isa = PBXFileReference; lastKnownFileType = folder.assetcatalog; path = Assets.xcassets; sourceTree = "<group>"; };
		1BDB5FB31E884AB400A8E155 /* Base */ = {isa = PBXFileReference; lastKnownFileType = file.storyboard; name = Base; path = Base.lproj/LaunchScreen.storyboard; sourceTree = "<group>"; };
		1BDB5FB51E884AB400A8E155 /* Info.plist */ = {isa = PBXFileReference; lastKnownFileType = text.plist.xml; path = Info.plist; sourceTree = "<group>"; };
		1BDB5FBA1E884AB400A8E155 /* pinterest-loginTests.xctest */ = {isa = PBXFileReference; explicitFileType = wrapper.cfbundle; includeInIndex = 0; path = "pinterest-loginTests.xctest"; sourceTree = BUILT_PRODUCTS_DIR; };
		1BDB5FBE1E884AB400A8E155 /* pinterest_loginTests.swift */ = {isa = PBXFileReference; lastKnownFileType = sourcecode.swift; path = pinterest_loginTests.swift; sourceTree = "<group>"; };
		1BDB5FC01E884AB400A8E155 /* Info.plist */ = {isa = PBXFileReference; lastKnownFileType = text.plist.xml; path = Info.plist; sourceTree = "<group>"; };
		1BDB5FC51E884AB400A8E155 /* pinterest-loginUITests.xctest */ = {isa = PBXFileReference; explicitFileType = wrapper.cfbundle; includeInIndex = 0; path = "pinterest-loginUITests.xctest"; sourceTree = BUILT_PRODUCTS_DIR; };
		1BDB5FC91E884AB400A8E155 /* pinterest_loginUITests.swift */ = {isa = PBXFileReference; lastKnownFileType = sourcecode.swift; path = pinterest_loginUITests.swift; sourceTree = "<group>"; };
		1BDB5FCB1E884AB400A8E155 /* Info.plist */ = {isa = PBXFileReference; lastKnownFileType = text.plist.xml; path = Info.plist; sourceTree = "<group>"; };
		1BDB5FD81E88585000A8E155 /* pinterest-login-Bridging-Header.h */ = {isa = PBXFileReference; lastKnownFileType = sourcecode.c.h; path = "pinterest-login-Bridging-Header.h"; sourceTree = SOURCE_ROOT; };
		1BDB5FDB1E8862DA00A8E155 /* pinterest-name-logo.jpg */ = {isa = PBXFileReference; lastKnownFileType = image.jpeg; path = "pinterest-name-logo.jpg"; sourceTree = "<group>"; };
		1BDB5FDF1E8ABE1300A8E155 /* PinsViewController.swift */ = {isa = PBXFileReference; fileEncoding = 4; lastKnownFileType = sourcecode.swift; path = PinsViewController.swift; sourceTree = "<group>"; };
		1BDB5FE11E8AC1B500A8E155 /* BoardsViewController.swift */ = {isa = PBXFileReference; fileEncoding = 4; lastKnownFileType = sourcecode.swift; path = BoardsViewController.swift; sourceTree = "<group>"; };
		1BDB5FE31E8AE3B000A8E155 /* Board.swift */ = {isa = PBXFileReference; fileEncoding = 4; lastKnownFileType = sourcecode.swift; path = Board.swift; sourceTree = "<group>"; };
		1BDB5FE51E8B01B100A8E155 /* Pin.swift */ = {isa = PBXFileReference; fileEncoding = 4; lastKnownFileType = sourcecode.swift; path = Pin.swift; sourceTree = "<group>"; };
		1CA3F19B75A63792DB35FDBA /* Pods-pinterest-loginTests.release.xcconfig */ = {isa = PBXFileReference; includeInIndex = 1; lastKnownFileType = text.xcconfig; name = "Pods-pinterest-loginTests.release.xcconfig"; path = "Pods/Target Support Files/Pods-pinterest-loginTests/Pods-pinterest-loginTests.release.xcconfig"; sourceTree = "<group>"; };
		467074CE76C762A21F20A704 /* Pods_pinterest_loginUITests.framework */ = {isa = PBXFileReference; explicitFileType = wrapper.framework; includeInIndex = 0; path = Pods_pinterest_loginUITests.framework; sourceTree = BUILT_PRODUCTS_DIR; };
		6BC58F9894045B58D4AB708A /* Pods-pinterest-loginTests.debug.xcconfig */ = {isa = PBXFileReference; includeInIndex = 1; lastKnownFileType = text.xcconfig; name = "Pods-pinterest-loginTests.debug.xcconfig"; path = "Pods/Target Support Files/Pods-pinterest-loginTests/Pods-pinterest-loginTests.debug.xcconfig"; sourceTree = "<group>"; };
		A4175EED83801F9A54E9E6B2 /* Pods_pinterest_loginTests.framework */ = {isa = PBXFileReference; explicitFileType = wrapper.framework; includeInIndex = 0; path = Pods_pinterest_loginTests.framework; sourceTree = BUILT_PRODUCTS_DIR; };
		B1ED30D5513D226C2AED48AE /* Pods-pinterest-login.debug.xcconfig */ = {isa = PBXFileReference; includeInIndex = 1; lastKnownFileType = text.xcconfig; name = "Pods-pinterest-login.debug.xcconfig"; path = "Pods/Target Support Files/Pods-pinterest-login/Pods-pinterest-login.debug.xcconfig"; sourceTree = "<group>"; };
		B5339E30CBB2E73442A4A7EB /* Pods-pinterest-loginUITests.debug.xcconfig */ = {isa = PBXFileReference; includeInIndex = 1; lastKnownFileType = text.xcconfig; name = "Pods-pinterest-loginUITests.debug.xcconfig"; path = "Pods/Target Support Files/Pods-pinterest-loginUITests/Pods-pinterest-loginUITests.debug.xcconfig"; sourceTree = "<group>"; };
		D9D4F0CCCA0031B7B245906A /* Pods_pinterest_login.framework */ = {isa = PBXFileReference; explicitFileType = wrapper.framework; includeInIndex = 0; path = Pods_pinterest_login.framework; sourceTree = BUILT_PRODUCTS_DIR; };
		E3BA33B3A079E9E29A647DD1 /* Pods-pinterest-login.release.xcconfig */ = {isa = PBXFileReference; includeInIndex = 1; lastKnownFileType = text.xcconfig; name = "Pods-pinterest-login.release.xcconfig"; path = "Pods/Target Support Files/Pods-pinterest-login/Pods-pinterest-login.release.xcconfig"; sourceTree = "<group>"; };
		F61C4B1CF0B6B22CC54935A1 /* Pods-pinterest-loginUITests.release.xcconfig */ = {isa = PBXFileReference; includeInIndex = 1; lastKnownFileType = text.xcconfig; name = "Pods-pinterest-loginUITests.release.xcconfig"; path = "Pods/Target Support Files/Pods-pinterest-loginUITests/Pods-pinterest-loginUITests.release.xcconfig"; sourceTree = "<group>"; };
/* End PBXFileReference section */

/* Begin PBXFrameworksBuildPhase section */
		1BDB5FA31E884AB300A8E155 /* Frameworks */ = {
			isa = PBXFrameworksBuildPhase;
			buildActionMask = 2147483647;
			files = (
				CE4C32A78269DD84BF31C1DA /* Pods_pinterest_login.framework in Frameworks */,
			);
			runOnlyForDeploymentPostprocessing = 0;
		};
		1BDB5FB71E884AB400A8E155 /* Frameworks */ = {
			isa = PBXFrameworksBuildPhase;
			buildActionMask = 2147483647;
			files = (
				51D4298F4785E0F794ACA8F1 /* Pods_pinterest_loginTests.framework in Frameworks */,
			);
			runOnlyForDeploymentPostprocessing = 0;
		};
		1BDB5FC21E884AB400A8E155 /* Frameworks */ = {
			isa = PBXFrameworksBuildPhase;
			buildActionMask = 2147483647;
			files = (
				222494702705F17D1CB7C769 /* Pods_pinterest_loginUITests.framework in Frameworks */,
			);
			runOnlyForDeploymentPostprocessing = 0;
		};
/* End PBXFrameworksBuildPhase section */

/* Begin PBXGroup section */
		1BDB5F9D1E884AB300A8E155 = {
			isa = PBXGroup;
			children = (
				1BDB5FA81E884AB300A8E155 /* pinterest-login */,
				1BDB5FBD1E884AB400A8E155 /* pinterest-loginTests */,
				1BDB5FC81E884AB400A8E155 /* pinterest-loginUITests */,
				1BDB5FA71E884AB300A8E155 /* Products */,
				C9BCE2C2F188712CBFA9AA09 /* Pods */,
				BBB1F6B34ADE59EC6E318281 /* Frameworks */,
			);
			sourceTree = "<group>";
		};
		1BDB5FA71E884AB300A8E155 /* Products */ = {
			isa = PBXGroup;
			children = (
				1BDB5FA61E884AB300A8E155 /* pinterest-login.app */,
				1BDB5FBA1E884AB400A8E155 /* pinterest-loginTests.xctest */,
				1BDB5FC51E884AB400A8E155 /* pinterest-loginUITests.xctest */,
			);
			name = Products;
			sourceTree = "<group>";
		};
		1BDB5FA81E884AB300A8E155 /* pinterest-login */ = {
			isa = PBXGroup;
			children = (
				1BDB5FE11E8AC1B500A8E155 /* BoardsViewController.swift */,
				1BDB5FE31E8AE3B000A8E155 /* Board.swift */,
				1BDB5FA91E884AB300A8E155 /* AppDelegate.swift */,
				1BDB5FAB1E884AB300A8E155 /* ViewController.swift */,
				1B1296991E8D81FB0068113A /* Main.storyboard */,
				1BDB5FDF1E8ABE1300A8E155 /* PinsViewController.swift */,
				1B12969B1E8DC1750068113A /* PinTableViewCell.swift */,
				1BDB5FE51E8B01B100A8E155 /* Pin.swift */,
				1BDB5FB01E884AB300A8E155 /* Assets.xcassets */,
				1BDB5FDB1E8862DA00A8E155 /* pinterest-name-logo.jpg */,
				1BDB5FB51E884AB400A8E155 /* Info.plist */,
				1BDB5FB21E884AB400A8E155 /* LaunchScreen.storyboard */,
				1BDB5FD81E88585000A8E155 /* pinterest-login-Bridging-Header.h */,
			);
			path = "pinterest-login";
			sourceTree = "<group>";
		};
		1BDB5FBD1E884AB400A8E155 /* pinterest-loginTests */ = {
			isa = PBXGroup;
			children = (
				1BDB5FBE1E884AB400A8E155 /* pinterest_loginTests.swift */,
				1BDB5FC01E884AB400A8E155 /* Info.plist */,
			);
			path = "pinterest-loginTests";
			sourceTree = "<group>";
		};
		1BDB5FC81E884AB400A8E155 /* pinterest-loginUITests */ = {
			isa = PBXGroup;
			children = (
				1BDB5FC91E884AB400A8E155 /* pinterest_loginUITests.swift */,
				1BDB5FCB1E884AB400A8E155 /* Info.plist */,
			);
			path = "pinterest-loginUITests";
			sourceTree = "<group>";
		};
		BBB1F6B34ADE59EC6E318281 /* Frameworks */ = {
			isa = PBXGroup;
			children = (
				D9D4F0CCCA0031B7B245906A /* Pods_pinterest_login.framework */,
				A4175EED83801F9A54E9E6B2 /* Pods_pinterest_loginTests.framework */,
				467074CE76C762A21F20A704 /* Pods_pinterest_loginUITests.framework */,
			);
			name = Frameworks;
			sourceTree = "<group>";
		};
		C9BCE2C2F188712CBFA9AA09 /* Pods */ = {
			isa = PBXGroup;
			children = (
				B1ED30D5513D226C2AED48AE /* Pods-pinterest-login.debug.xcconfig */,
				E3BA33B3A079E9E29A647DD1 /* Pods-pinterest-login.release.xcconfig */,
				6BC58F9894045B58D4AB708A /* Pods-pinterest-loginTests.debug.xcconfig */,
				1CA3F19B75A63792DB35FDBA /* Pods-pinterest-loginTests.release.xcconfig */,
				B5339E30CBB2E73442A4A7EB /* Pods-pinterest-loginUITests.debug.xcconfig */,
				F61C4B1CF0B6B22CC54935A1 /* Pods-pinterest-loginUITests.release.xcconfig */,
			);
			name = Pods;
			sourceTree = "<group>";
		};
/* End PBXGroup section */

/* Begin PBXNativeTarget section */
		1BDB5FA51E884AB300A8E155 /* pinterest-login */ = {
			isa = PBXNativeTarget;
			buildConfigurationList = 1BDB5FCE1E884AB400A8E155 /* Build configuration list for PBXNativeTarget "pinterest-login" */;
			buildPhases = (
				577A426584DC25E023E4E3BE /* [CP] Check Pods Manifest.lock */,
				1BDB5FA21E884AB300A8E155 /* Sources */,
				1BDB5FA31E884AB300A8E155 /* Frameworks */,
				1BDB5FA41E884AB300A8E155 /* Resources */,
				8FDD19BDDCBFFE049CBAB184 /* [CP] Embed Pods Frameworks */,
				1AEE9C829BC575DABB01B611 /* [CP] Copy Pods Resources */,
			);
			buildRules = (
			);
			dependencies = (
			);
			name = "pinterest-login";
			productName = "pinterest-login";
			productReference = 1BDB5FA61E884AB300A8E155 /* pinterest-login.app */;
			productType = "com.apple.product-type.application";
		};
		1BDB5FB91E884AB400A8E155 /* pinterest-loginTests */ = {
			isa = PBXNativeTarget;
			buildConfigurationList = 1BDB5FD11E884AB400A8E155 /* Build configuration list for PBXNativeTarget "pinterest-loginTests" */;
			buildPhases = (
				A6B34B0EA7C2ABBD2E6FFC0A /* [CP] Check Pods Manifest.lock */,
				1BDB5FB61E884AB400A8E155 /* Sources */,
				1BDB5FB71E884AB400A8E155 /* Frameworks */,
				1BDB5FB81E884AB400A8E155 /* Resources */,
				9653F84B7A5C3CA8B663E25D /* [CP] Embed Pods Frameworks */,
				66D5EA908EADB8156D5E2B86 /* [CP] Copy Pods Resources */,
			);
			buildRules = (
			);
			dependencies = (
				1BDB5FBC1E884AB400A8E155 /* PBXTargetDependency */,
			);
			name = "pinterest-loginTests";
			productName = "pinterest-loginTests";
			productReference = 1BDB5FBA1E884AB400A8E155 /* pinterest-loginTests.xctest */;
			productType = "com.apple.product-type.bundle.unit-test";
		};
		1BDB5FC41E884AB400A8E155 /* pinterest-loginUITests */ = {
			isa = PBXNativeTarget;
			buildConfigurationList = 1BDB5FD41E884AB400A8E155 /* Build configuration list for PBXNativeTarget "pinterest-loginUITests" */;
			buildPhases = (
				3DC54C7DCCB10D3B7C53718E /* [CP] Check Pods Manifest.lock */,
				1BDB5FC11E884AB400A8E155 /* Sources */,
				1BDB5FC21E884AB400A8E155 /* Frameworks */,
				1BDB5FC31E884AB400A8E155 /* Resources */,
				DF7905FCB72D0204771BCA87 /* [CP] Copy Pods Resources */,
			);
			buildRules = (
			);
			dependencies = (
				1BDB5FC71E884AB400A8E155 /* PBXTargetDependency */,
			);
			name = "pinterest-loginUITests";
			productName = "pinterest-loginUITests";
			productReference = 1BDB5FC51E884AB400A8E155 /* pinterest-loginUITests.xctest */;
			productType = "com.apple.product-type.bundle.ui-testing";
		};
/* End PBXNativeTarget section */

/* Begin PBXProject section */
		1BDB5F9E1E884AB300A8E155 /* Project object */ = {
			isa = PBXProject;
			attributes = {
				LastSwiftUpdateCheck = 0800;
				LastUpgradeCheck = 0800;
				ORGANIZATIONNAME = sfk;
				TargetAttributes = {
					1BDB5FA51E884AB300A8E155 = {
						CreatedOnToolsVersion = 8.0;
						DevelopmentTeam = T56TUBW264;
						LastSwiftMigration = 0800;
						ProvisioningStyle = Automatic;
					};
					1BDB5FB91E884AB400A8E155 = {
						CreatedOnToolsVersion = 8.0;
						DevelopmentTeam = T56TUBW264;
						LastSwiftMigration = 0800;
						ProvisioningStyle = Automatic;
						TestTargetID = 1BDB5FA51E884AB300A8E155;
					};
					1BDB5FC41E884AB400A8E155 = {
						CreatedOnToolsVersion = 8.0;
						DevelopmentTeam = T56TUBW264;
						LastSwiftMigration = 0800;
						ProvisioningStyle = Automatic;
						TestTargetID = 1BDB5FA51E884AB300A8E155;
					};
				};
			};
			buildConfigurationList = 1BDB5FA11E884AB300A8E155 /* Build configuration list for PBXProject "pinterest-login" */;
			compatibilityVersion = "Xcode 3.2";
			developmentRegion = English;
			hasScannedForEncodings = 0;
			knownRegions = (
				en,
				Base,
			);
			mainGroup = 1BDB5F9D1E884AB300A8E155;
			productRefGroup = 1BDB5FA71E884AB300A8E155 /* Products */;
			projectDirPath = "";
			projectRoot = "";
			targets = (
				1BDB5FA51E884AB300A8E155 /* pinterest-login */,
				1BDB5FB91E884AB400A8E155 /* pinterest-loginTests */,
				1BDB5FC41E884AB400A8E155 /* pinterest-loginUITests */,
			);
		};
/* End PBXProject section */

/* Begin PBXResourcesBuildPhase section */
		1BDB5FA41E884AB300A8E155 /* Resources */ = {
			isa = PBXResourcesBuildPhase;
			buildActionMask = 2147483647;
			files = (
				1BDB5FB41E884AB400A8E155 /* LaunchScreen.storyboard in Resources */,
				1BDB5FB11E884AB300A8E155 /* Assets.xcassets in Resources */,
				1BDB5FDC1E8862DA00A8E155 /* pinterest-name-logo.jpg in Resources */,
				1B12969A1E8D81FB0068113A /* Main.storyboard in Resources */,
			);
			runOnlyForDeploymentPostprocessing = 0;
		};
		1BDB5FB81E884AB400A8E155 /* Resources */ = {
			isa = PBXResourcesBuildPhase;
			buildActionMask = 2147483647;
			files = (
			);
			runOnlyForDeploymentPostprocessing = 0;
		};
		1BDB5FC31E884AB400A8E155 /* Resources */ = {
			isa = PBXResourcesBuildPhase;
			buildActionMask = 2147483647;
			files = (
			);
			runOnlyForDeploymentPostprocessing = 0;
		};
/* End PBXResourcesBuildPhase section */

/* Begin PBXShellScriptBuildPhase section */
		1AEE9C829BC575DABB01B611 /* [CP] Copy Pods Resources */ = {
			isa = PBXShellScriptBuildPhase;
			buildActionMask = 2147483647;
			files = (
			);
			inputPaths = (
			);
			name = "[CP] Copy Pods Resources";
			outputPaths = (
			);
			runOnlyForDeploymentPostprocessing = 0;
			shellPath = /bin/sh;
			shellScript = "\"${SRCROOT}/Pods/Target Support Files/Pods-pinterest-login/Pods-pinterest-login-resources.sh\"\n";
			showEnvVarsInLog = 0;
		};
		3DC54C7DCCB10D3B7C53718E /* [CP] Check Pods Manifest.lock */ = {
			isa = PBXShellScriptBuildPhase;
			buildActionMask = 2147483647;
			files = (
			);
			inputPaths = (
			);
			name = "[CP] Check Pods Manifest.lock";
			outputPaths = (
			);
			runOnlyForDeploymentPostprocessing = 0;
			shellPath = /bin/sh;
			shellScript = "diff \"${PODS_ROOT}/../Podfile.lock\" \"${PODS_ROOT}/Manifest.lock\" > /dev/null\nif [[ $? != 0 ]] ; then\n    cat << EOM\nerror: The sandbox is not in sync with the Podfile.lock. Run 'pod install' or update your CocoaPods installation.\nEOM\n    exit 1\nfi\n";
			showEnvVarsInLog = 0;
		};
		577A426584DC25E023E4E3BE /* [CP] Check Pods Manifest.lock */ = {
			isa = PBXShellScriptBuildPhase;
			buildActionMask = 2147483647;
			files = (
			);
			inputPaths = (
			);
			name = "[CP] Check Pods Manifest.lock";
			outputPaths = (
			);
			runOnlyForDeploymentPostprocessing = 0;
			shellPath = /bin/sh;
			shellScript = "diff \"${PODS_ROOT}/../Podfile.lock\" \"${PODS_ROOT}/Manifest.lock\" > /dev/null\nif [[ $? != 0 ]] ; then\n    cat << EOM\nerror: The sandbox is not in sync with the Podfile.lock. Run 'pod install' or update your CocoaPods installation.\nEOM\n    exit 1\nfi\n";
			showEnvVarsInLog = 0;
		};
		66D5EA908EADB8156D5E2B86 /* [CP] Copy Pods Resources */ = {
			isa = PBXShellScriptBuildPhase;
			buildActionMask = 2147483647;
			files = (
			);
			inputPaths = (
			);
			name = "[CP] Copy Pods Resources";
			outputPaths = (
			);
			runOnlyForDeploymentPostprocessing = 0;
			shellPath = /bin/sh;
			shellScript = "\"${SRCROOT}/Pods/Target Support Files/Pods-pinterest-loginTests/Pods-pinterest-loginTests-resources.sh\"\n";
			showEnvVarsInLog = 0;
		};
		8FDD19BDDCBFFE049CBAB184 /* [CP] Embed Pods Frameworks */ = {
			isa = PBXShellScriptBuildPhase;
			buildActionMask = 2147483647;
			files = (
			);
			inputPaths = (
			);
			name = "[CP] Embed Pods Frameworks";
			outputPaths = (
			);
			runOnlyForDeploymentPostprocessing = 0;
			shellPath = /bin/sh;
			shellScript = "\"${SRCROOT}/Pods/Target Support Files/Pods-pinterest-login/Pods-pinterest-login-frameworks.sh\"\n";
			showEnvVarsInLog = 0;
		};
		9653F84B7A5C3CA8B663E25D /* [CP] Embed Pods Frameworks */ = {
			isa = PBXShellScriptBuildPhase;
			buildActionMask = 2147483647;
			files = (
			);
			inputPaths = (
			);
			name = "[CP] Embed Pods Frameworks";
			outputPaths = (
			);
			runOnlyForDeploymentPostprocessing = 0;
			shellPath = /bin/sh;
			shellScript = "\"${SRCROOT}/Pods/Target Support Files/Pods-pinterest-loginTests/Pods-pinterest-loginTests-frameworks.sh\"\n";
			showEnvVarsInLog = 0;
		};
		A6B34B0EA7C2ABBD2E6FFC0A /* [CP] Check Pods Manifest.lock */ = {
			isa = PBXShellScriptBuildPhase;
			buildActionMask = 2147483647;
			files = (
			);
			inputPaths = (
			);
			name = "[CP] Check Pods Manifest.lock";
			outputPaths = (
			);
			runOnlyForDeploymentPostprocessing = 0;
			shellPath = /bin/sh;
			shellScript = "diff \"${PODS_ROOT}/../Podfile.lock\" \"${PODS_ROOT}/Manifest.lock\" > /dev/null\nif [[ $? != 0 ]] ; then\n    cat << EOM\nerror: The sandbox is not in sync with the Podfile.lock. Run 'pod install' or update your CocoaPods installation.\nEOM\n    exit 1\nfi\n";
			showEnvVarsInLog = 0;
		};
		DF7905FCB72D0204771BCA87 /* [CP] Copy Pods Resources */ = {
			isa = PBXShellScriptBuildPhase;
			buildActionMask = 2147483647;
			files = (
			);
			inputPaths = (
			);
			name = "[CP] Copy Pods Resources";
			outputPaths = (
			);
			runOnlyForDeploymentPostprocessing = 0;
			shellPath = /bin/sh;
			shellScript = "\"${SRCROOT}/Pods/Target Support Files/Pods-pinterest-loginUITests/Pods-pinterest-loginUITests-resources.sh\"\n";
			showEnvVarsInLog = 0;
		};
/* End PBXShellScriptBuildPhase section */

/* Begin PBXSourcesBuildPhase section */
		1BDB5FA21E884AB300A8E155 /* Sources */ = {
			isa = PBXSourcesBuildPhase;
			buildActionMask = 2147483647;
			files = (
				1BDB5FE01E8ABE1300A8E155 /* PinsViewController.swift in Sources */,
				1BDB5FAC1E884AB300A8E155 /* ViewController.swift in Sources */,
				1BDB5FE41E8AE3B000A8E155 /* Board.swift in Sources */,
				1B12969C1E8DC1750068113A /* PinTableViewCell.swift in Sources */,
				1BDB5FE61E8B01B100A8E155 /* Pin.swift in Sources */,
				1BDB5FAA1E884AB300A8E155 /* AppDelegate.swift in Sources */,
				1BDB5FE21E8AC1B500A8E155 /* BoardsViewController.swift in Sources */,
			);
			runOnlyForDeploymentPostprocessing = 0;
		};
		1BDB5FB61E884AB400A8E155 /* Sources */ = {
			isa = PBXSourcesBuildPhase;
			buildActionMask = 2147483647;
			files = (
				1BDB5FBF1E884AB400A8E155 /* pinterest_loginTests.swift in Sources */,
			);
			runOnlyForDeploymentPostprocessing = 0;
		};
		1BDB5FC11E884AB400A8E155 /* Sources */ = {
			isa = PBXSourcesBuildPhase;
			buildActionMask = 2147483647;
			files = (
				1BDB5FCA1E884AB400A8E155 /* pinterest_loginUITests.swift in Sources */,
			);
			runOnlyForDeploymentPostprocessing = 0;
		};
/* End PBXSourcesBuildPhase section */

/* Begin PBXTargetDependency section */
		1BDB5FBC1E884AB400A8E155 /* PBXTargetDependency */ = {
			isa = PBXTargetDependency;
			target = 1BDB5FA51E884AB300A8E155 /* pinterest-login */;
			targetProxy = 1BDB5FBB1E884AB400A8E155 /* PBXContainerItemProxy */;
		};
		1BDB5FC71E884AB400A8E155 /* PBXTargetDependency */ = {
			isa = PBXTargetDependency;
			target = 1BDB5FA51E884AB300A8E155 /* pinterest-login */;
			targetProxy = 1BDB5FC61E884AB400A8E155 /* PBXContainerItemProxy */;
		};
/* End PBXTargetDependency section */

/* Begin PBXVariantGroup section */
		1BDB5FB21E884AB400A8E155 /* LaunchScreen.storyboard */ = {
			isa = PBXVariantGroup;
			children = (
				1BDB5FB31E884AB400A8E155 /* Base */,
			);
			name = LaunchScreen.storyboard;
			sourceTree = "<group>";
		};
/* End PBXVariantGroup section */

/* Begin XCBuildConfiguration section */
		1BDB5FCC1E884AB400A8E155 /* Debug */ = {
			isa = XCBuildConfiguration;
			buildSettings = {
				ALWAYS_SEARCH_USER_PATHS = NO;
				CLANG_ANALYZER_NONNULL = YES;
				CLANG_CXX_LANGUAGE_STANDARD = "gnu++0x";
				CLANG_CXX_LIBRARY = "libc++";
				CLANG_ENABLE_MODULES = YES;
				CLANG_ENABLE_OBJC_ARC = YES;
				CLANG_WARN_BOOL_CONVERSION = YES;
				CLANG_WARN_CONSTANT_CONVERSION = YES;
				CLANG_WARN_DIRECT_OBJC_ISA_USAGE = YES_ERROR;
				CLANG_WARN_DOCUMENTATION_COMMENTS = YES;
				CLANG_WARN_EMPTY_BODY = YES;
				CLANG_WARN_ENUM_CONVERSION = YES;
				CLANG_WARN_INFINITE_RECURSION = YES;
				CLANG_WARN_INT_CONVERSION = YES;
				CLANG_WARN_OBJC_ROOT_CLASS = YES_ERROR;
				CLANG_WARN_SUSPICIOUS_MOVES = YES;
				CLANG_WARN_UNREACHABLE_CODE = YES;
				CLANG_WARN__DUPLICATE_METHOD_MATCH = YES;
				"CODE_SIGN_IDENTITY[sdk=iphoneos*]" = "iPhone Developer";
				COPY_PHASE_STRIP = NO;
				DEBUG_INFORMATION_FORMAT = dwarf;
				ENABLE_STRICT_OBJC_MSGSEND = YES;
				ENABLE_TESTABILITY = YES;
				GCC_C_LANGUAGE_STANDARD = gnu99;
				GCC_DYNAMIC_NO_PIC = NO;
				GCC_NO_COMMON_BLOCKS = YES;
				GCC_OPTIMIZATION_LEVEL = 0;
				GCC_PREPROCESSOR_DEFINITIONS = (
					"DEBUG=1",
					"$(inherited)",
				);
				GCC_WARN_64_TO_32_BIT_CONVERSION = YES;
				GCC_WARN_ABOUT_RETURN_TYPE = YES_ERROR;
				GCC_WARN_UNDECLARED_SELECTOR = YES;
				GCC_WARN_UNINITIALIZED_AUTOS = YES_AGGRESSIVE;
				GCC_WARN_UNUSED_FUNCTION = YES;
				GCC_WARN_UNUSED_VARIABLE = YES;
				IPHONEOS_DEPLOYMENT_TARGET = 10.0;
				MTL_ENABLE_DEBUG_INFO = YES;
				ONLY_ACTIVE_ARCH = YES;
				SDKROOT = iphoneos;
				SWIFT_ACTIVE_COMPILATION_CONDITIONS = DEBUG;
				SWIFT_OPTIMIZATION_LEVEL = "-Onone";
				TARGETED_DEVICE_FAMILY = "1,2";
			};
			name = Debug;
		};
		1BDB5FCD1E884AB400A8E155 /* Release */ = {
			isa = XCBuildConfiguration;
			buildSettings = {
				ALWAYS_SEARCH_USER_PATHS = NO;
				CLANG_ANALYZER_NONNULL = YES;
				CLANG_CXX_LANGUAGE_STANDARD = "gnu++0x";
				CLANG_CXX_LIBRARY = "libc++";
				CLANG_ENABLE_MODULES = YES;
				CLANG_ENABLE_OBJC_ARC = YES;
				CLANG_WARN_BOOL_CONVERSION = YES;
				CLANG_WARN_CONSTANT_CONVERSION = YES;
				CLANG_WARN_DIRECT_OBJC_ISA_USAGE = YES_ERROR;
				CLANG_WARN_DOCUMENTATION_COMMENTS = YES;
				CLANG_WARN_EMPTY_BODY = YES;
				CLANG_WARN_ENUM_CONVERSION = YES;
				CLANG_WARN_INFINITE_RECURSION = YES;
				CLANG_WARN_INT_CONVERSION = YES;
				CLANG_WARN_OBJC_ROOT_CLASS = YES_ERROR;
				CLANG_WARN_SUSPICIOUS_MOVES = YES;
				CLANG_WARN_UNREACHABLE_CODE = YES;
				CLANG_WARN__DUPLICATE_METHOD_MATCH = YES;
				"CODE_SIGN_IDENTITY[sdk=iphoneos*]" = "iPhone Developer";
				COPY_PHASE_STRIP = NO;
				DEBUG_INFORMATION_FORMAT = "dwarf-with-dsym";
				ENABLE_NS_ASSERTIONS = NO;
				ENABLE_STRICT_OBJC_MSGSEND = YES;
				GCC_C_LANGUAGE_STANDARD = gnu99;
				GCC_NO_COMMON_BLOCKS = YES;
				GCC_WARN_64_TO_32_BIT_CONVERSION = YES;
				GCC_WARN_ABOUT_RETURN_TYPE = YES_ERROR;
				GCC_WARN_UNDECLARED_SELECTOR = YES;
				GCC_WARN_UNINITIALIZED_AUTOS = YES_AGGRESSIVE;
				GCC_WARN_UNUSED_FUNCTION = YES;
				GCC_WARN_UNUSED_VARIABLE = YES;
				IPHONEOS_DEPLOYMENT_TARGET = 10.0;
				MTL_ENABLE_DEBUG_INFO = NO;
				SDKROOT = iphoneos;
				SWIFT_OPTIMIZATION_LEVEL = "-Owholemodule";
				TARGETED_DEVICE_FAMILY = "1,2";
				VALIDATE_PRODUCT = YES;
			};
			name = Release;
		};
		1BDB5FCF1E884AB400A8E155 /* Debug */ = {
			isa = XCBuildConfiguration;
			baseConfigurationReference = B1ED30D5513D226C2AED48AE /* Pods-pinterest-login.debug.xcconfig */;
			buildSettings = {
				ASSETCATALOG_COMPILER_APPICON_NAME = AppIcon;
				DEVELOPMENT_TEAM = T56TUBW264;
				INFOPLIST_FILE = "pinterest-login/Info.plist";
				LD_RUNPATH_SEARCH_PATHS = "$(inherited) @executable_path/Frameworks";
				PRODUCT_BUNDLE_IDENTIFIER = "com.sfk.pinterest-login";
				PRODUCT_NAME = "$(TARGET_NAME)";
				SWIFT_VERSION = 3.0;
			};
			name = Debug;
		};
		1BDB5FD01E884AB400A8E155 /* Release */ = {
			isa = XCBuildConfiguration;
			baseConfigurationReference = E3BA33B3A079E9E29A647DD1 /* Pods-pinterest-login.release.xcconfig */;
			buildSettings = {
				ASSETCATALOG_COMPILER_APPICON_NAME = AppIcon;
				DEVELOPMENT_TEAM = T56TUBW264;
				INFOPLIST_FILE = "pinterest-login/Info.plist";
				LD_RUNPATH_SEARCH_PATHS = "$(inherited) @executable_path/Frameworks";
				PRODUCT_BUNDLE_IDENTIFIER = "com.sfk.pinterest-login";
				PRODUCT_NAME = "$(TARGET_NAME)";
				SWIFT_VERSION = 3.0;
			};
			name = Release;
		};
		1BDB5FD21E884AB400A8E155 /* Debug */ = {
			isa = XCBuildConfiguration;
			baseConfigurationReference = 6BC58F9894045B58D4AB708A /* Pods-pinterest-loginTests.debug.xcconfig */;
			buildSettings = {
				ALWAYS_EMBED_SWIFT_STANDARD_LIBRARIES = YES;
				BUNDLE_LOADER = "$(TEST_HOST)";
				DEVELOPMENT_TEAM = T56TUBW264;
				INFOPLIST_FILE = "pinterest-loginTests/Info.plist";
				LD_RUNPATH_SEARCH_PATHS = "$(inherited) @executable_path/Frameworks @loader_path/Frameworks";
				PRODUCT_BUNDLE_IDENTIFIER = "com.sfk.pinterest-loginTests";
				PRODUCT_NAME = "$(TARGET_NAME)";
				SWIFT_VERSION = 3.0;
				TEST_HOST = "$(BUILT_PRODUCTS_DIR)/pinterest-login.app/pinterest-login";
			};
			name = Debug;
		};
		1BDB5FD31E884AB400A8E155 /* Release */ = {
			isa = XCBuildConfiguration;
			baseConfigurationReference = 1CA3F19B75A63792DB35FDBA /* Pods-pinterest-loginTests.release.xcconfig */;
			buildSettings = {
				ALWAYS_EMBED_SWIFT_STANDARD_LIBRARIES = YES;
				BUNDLE_LOADER = "$(TEST_HOST)";
				DEVELOPMENT_TEAM = T56TUBW264;
				INFOPLIST_FILE = "pinterest-loginTests/Info.plist";
				LD_RUNPATH_SEARCH_PATHS = "$(inherited) @executable_path/Frameworks @loader_path/Frameworks";
				PRODUCT_BUNDLE_IDENTIFIER = "com.sfk.pinterest-loginTests";
				PRODUCT_NAME = "$(TARGET_NAME)";
				SWIFT_VERSION = 3.0;
				TEST_HOST = "$(BUILT_PRODUCTS_DIR)/pinterest-login.app/pinterest-login";
			};
			name = Release;
		};
		1BDB5FD51E884AB400A8E155 /* Debug */ = {
			isa = XCBuildConfiguration;
			baseConfigurationReference = B5339E30CBB2E73442A4A7EB /* Pods-pinterest-loginUITests.debug.xcconfig */;
			buildSettings = {
				ALWAYS_EMBED_SWIFT_STANDARD_LIBRARIES = YES;
				DEVELOPMENT_TEAM = T56TUBW264;
				INFOPLIST_FILE = "pinterest-loginUITests/Info.plist";
				LD_RUNPATH_SEARCH_PATHS = "$(inherited) @executable_path/Frameworks @loader_path/Frameworks";
				PRODUCT_BUNDLE_IDENTIFIER = "com.sfk.pinterest-loginUITests";
				PRODUCT_NAME = "$(TARGET_NAME)";
				SWIFT_VERSION = 3.0;
				TEST_TARGET_NAME = "pinterest-login";
			};
			name = Debug;
		};
		1BDB5FD61E884AB400A8E155 /* Release */ = {
			isa = XCBuildConfiguration;
			baseConfigurationReference = F61C4B1CF0B6B22CC54935A1 /* Pods-pinterest-loginUITests.release.xcconfig */;
			buildSettings = {
				ALWAYS_EMBED_SWIFT_STANDARD_LIBRARIES = YES;
				DEVELOPMENT_TEAM = T56TUBW264;
				INFOPLIST_FILE = "pinterest-loginUITests/Info.plist";
				LD_RUNPATH_SEARCH_PATHS = "$(inherited) @executable_path/Frameworks @loader_path/Frameworks";
				PRODUCT_BUNDLE_IDENTIFIER = "com.sfk.pinterest-loginUITests";
				PRODUCT_NAME = "$(TARGET_NAME)";
				SWIFT_VERSION = 3.0;
				TEST_TARGET_NAME = "pinterest-login";
			};
			name = Release;
		};
/* End XCBuildConfiguration section */

/* Begin XCConfigurationList section */
		1BDB5FA11E884AB300A8E155 /* Build configuration list for PBXProject "pinterest-login" */ = {
			isa = XCConfigurationList;
			buildConfigurations = (
				1BDB5FCC1E884AB400A8E155 /* Debug */,
				1BDB5FCD1E884AB400A8E155 /* Release */,
			);
			defaultConfigurationIsVisible = 0;
			defaultConfigurationName = Release;
		};
		1BDB5FCE1E884AB400A8E155 /* Build configuration list for PBXNativeTarget "pinterest-login" */ = {
			isa = XCConfigurationList;
			buildConfigurations = (
				1BDB5FCF1E884AB400A8E155 /* Debug */,
				1BDB5FD01E884AB400A8E155 /* Release */,
			);
			defaultConfigurationIsVisible = 0;
			defaultConfigurationName = Release;
		};
		1BDB5FD11E884AB400A8E155 /* Build configuration list for PBXNativeTarget "pinterest-loginTests" */ = {
			isa = XCConfigurationList;
			buildConfigurations = (
				1BDB5FD21E884AB400A8E155 /* Debug */,
				1BDB5FD31E884AB400A8E155 /* Release */,
			);
			defaultConfigurationIsVisible = 0;
			defaultConfigurationName = Release;
		};
		1BDB5FD41E884AB400A8E155 /* Build configuration list for PBXNativeTarget "pinterest-loginUITests" */ = {
			isa = XCConfigurationList;
			buildConfigurations = (
				1BDB5FD51E884AB400A8E155 /* Debug */,
				1BDB5FD61E884AB400A8E155 /* Release */,
			);
			defaultConfigurationIsVisible = 0;
			defaultConfigurationName = Release;
		};
/* End XCConfigurationList section */
	};
	rootObject = 1BDB5F9E1E884AB300A8E155 /* Project object */;
}
